
Microsoft Visual Studio Solution File, Format Version 12.00
# Visual Studio 15
VisualStudioVersion = 15.0.27428.2015
MinimumVisualStudioVersion = 10.0.40219.1
Project("{9A19103F-16F7-4668-BE54-9A1E7A4F7556}") = "SOLID", "CSharpSamples\SOLID.csproj", "{415FA131-4EFD-497C-85AA-78B9CCE201C7}"
EndProject
Project("{FAE04EC0-301F-11D3-BF4B-00C04F79EFBC}") = "Struct", "StructAndClass\Struct.csproj", "{0EDD3E89-74B4-49CD-AE0C-106D9FA24690}"
EndProject
Global
	GlobalSection(SolutionConfigurationPlatforms) = preSolution
		Debug|Any CPU = Debug|Any CPU
		Release|Any CPU = Release|Any CPU
	EndGlobalSection
	GlobalSection(ProjectConfigurationPlatforms) = postSolution
		{415FA131-4EFD-497C-85AA-78B9CCE201C7}.Debug|Any CPU.ActiveCfg = Debug|Any CPU
		{415FA131-4EFD-497C-85AA-78B9CCE201C7}.Debug|Any CPU.Build.0 = Debug|Any CPU
		{415FA131-4EFD-497C-85AA-78B9CCE201C7}.Release|Any CPU.ActiveCfg = Release|Any CPU
		{415FA131-4EFD-497C-85AA-78B9CCE201C7}.Release|Any CPU.Build.0 = Release|Any CPU
		{0EDD3E89-74B4-49CD-AE0C-106D9FA24690}.Debug|Any CPU.ActiveCfg = Debug|Any CPU
		{0EDD3E89-74B4-49CD-AE0C-106D9FA24690}.Debug|Any CPU.Build.0 = Debug|Any CPU
		{0EDD3E89-74B4-49CD-AE0C-106D9FA24690}.Release|Any CPU.ActiveCfg = Release|Any CPU
		{0EDD3E89-74B4-49CD-AE0C-106D9FA24690}.Release|Any CPU.Build.0 = Release|Any CPU
	EndGlobalSection
	GlobalSection(SolutionProperties) = preSolution
		HideSolutionNode = FALSE
	EndGlobalSection
	GlobalSection(ExtensibilityGlobals) = postSolution
		SolutionGuid = {8266E61B-E611-471B-8838-32E7494AEBC1}
	EndGlobalSection
EndGlobal
